
Microsoft Visual Studio Solution File, Format Version 12.00
# Visual Studio Version 16
VisualStudioVersion = 16.0.30804.86
MinimumVisualStudioVersion = 10.0.40219.1
Project("{FAE04EC0-301F-11D3-BF4B-00C04F79EFBC}") = "DigiProject", "DigiProject\DigiProject.csproj", "{4E4C9CCE-BD91-45F9-AB9F-A312BDD03FDD}"
EndProject
Project("{FAE04EC0-301F-11D3-BF4B-00C04F79EFBC}") = "Domain", "Domain\Domain.csproj", "{A04DEF21-9BA6-4622-B108-A06AC9F76066}"
EndProject
Project("{FAE04EC0-301F-11D3-BF4B-00C04F79EFBC}") = "Infrastructure", "Infrastructure\Infrastructure.csproj", "{683B3886-D3EE-4985-884C-EB0559E73A9E}"
EndProject
Project("{FAE04EC0-301F-11D3-BF4B-00C04F79EFBC}") = "Services", "Services\Services.csproj", "{39C815FF-C975-4B96-8D8E-C104DFC31CF1}"
EndProject
Project("{FAE04EC0-301F-11D3-BF4B-00C04F79EFBC}") = "Repository", "Repository\Repository.csproj", "{054F9E6B-CDB6-4A8F-8FBA-FE9B4D44F7F0}"
EndProject
Project("{FAE04EC0-301F-11D3-BF4B-00C04F79EFBC}") = "IOC", "IOC\IOC.csproj", "{C7A8397C-F6B0-4FF2-BE37-427770A0F88B}"
EndProject
Project("{FAE04EC0-301F-11D3-BF4B-00C04F79EFBC}") = "Configuration", "Configuration\Configuration.csproj", "{2F73AB68-099B-499B-B283-20ED4A97A21D}"
EndProject
Project("{FAE04EC0-301F-11D3-BF4B-00C04F79EFBC}") = "Enums", "Enums\Enums.csproj", "{1DBEF67C-F93E-4935-B497-4765984883C4}"
EndProject
Global
	GlobalSection(SolutionConfigurationPlatforms) = preSolution
		Debug|Any CPU = Debug|Any CPU
		Release|Any CPU = Release|Any CPU
	EndGlobalSection
	GlobalSection(ProjectConfigurationPlatforms) = postSolution
		{4E4C9CCE-BD91-45F9-AB9F-A312BDD03FDD}.Debug|Any CPU.ActiveCfg = Debug|Any CPU
		{4E4C9CCE-BD91-45F9-AB9F-A312BDD03FDD}.Debug|Any CPU.Build.0 = Debug|Any CPU
		{4E4C9CCE-BD91-45F9-AB9F-A312BDD03FDD}.Release|Any CPU.ActiveCfg = Release|Any CPU
		{4E4C9CCE-BD91-45F9-AB9F-A312BDD03FDD}.Release|Any CPU.Build.0 = Release|Any CPU
		{A04DEF21-9BA6-4622-B108-A06AC9F76066}.Debug|Any CPU.ActiveCfg = Debug|Any CPU
		{A04DEF21-9BA6-4622-B108-A06AC9F76066}.Debug|Any CPU.Build.0 = Debug|Any CPU
		{A04DEF21-9BA6-4622-B108-A06AC9F76066}.Release|Any CPU.ActiveCfg = Release|Any CPU
		{A04DEF21-9BA6-4622-B108-A06AC9F76066}.Release|Any CPU.Build.0 = Release|Any CPU
		{683B3886-D3EE-4985-884C-EB0559E73A9E}.Debug|Any CPU.ActiveCfg = Debug|Any CPU
		{683B3886-D3EE-4985-884C-EB0559E73A9E}.Debug|Any CPU.Build.0 = Debug|Any CPU
		{683B3886-D3EE-4985-884C-EB0559E73A9E}.Release|Any CPU.ActiveCfg = Release|Any CPU
		{683B3886-D3EE-4985-884C-EB0559E73A9E}.Release|Any CPU.Build.0 = Release|Any CPU
		{39C815FF-C975-4B96-8D8E-C104DFC31CF1}.Debug|Any CPU.ActiveCfg = Debug|Any CPU
		{39C815FF-C975-4B96-8D8E-C104DFC31CF1}.Debug|Any CPU.Build.0 = Debug|Any CPU
		{39C815FF-C975-4B96-8D8E-C104DFC31CF1}.Release|Any CPU.ActiveCfg = Release|Any CPU
		{39C815FF-C975-4B96-8D8E-C104DFC31CF1}.Release|Any CPU.Build.0 = Release|Any CPU
		{054F9E6B-CDB6-4A8F-8FBA-FE9B4D44F7F0}.Debug|Any CPU.ActiveCfg = Debug|Any CPU
		{054F9E6B-CDB6-4A8F-8FBA-FE9B4D44F7F0}.Debug|Any CPU.Build.0 = Debug|Any CPU
		{054F9E6B-CDB6-4A8F-8FBA-FE9B4D44F7F0}.Release|Any CPU.ActiveCfg = Release|Any CPU
		{054F9E6B-CDB6-4A8F-8FBA-FE9B4D44F7F0}.Release|Any CPU.Build.0 = Release|Any CPU
		{C7A8397C-F6B0-4FF2-BE37-427770A0F88B}.Debug|Any CPU.ActiveCfg = Debug|Any CPU
		{C7A8397C-F6B0-4FF2-BE37-427770A0F88B}.Debug|Any CPU.Build.0 = Debug|Any CPU
		{C7A8397C-F6B0-4FF2-BE37-427770A0F88B}.Release|Any CPU.ActiveCfg = Release|Any CPU
		{C7A8397C-F6B0-4FF2-BE37-427770A0F88B}.Release|Any CPU.Build.0 = Release|Any CPU
		{2F73AB68-099B-499B-B283-20ED4A97A21D}.Debug|Any CPU.ActiveCfg = Debug|Any CPU
		{2F73AB68-099B-499B-B283-20ED4A97A21D}.Debug|Any CPU.Build.0 = Debug|Any CPU
		{2F73AB68-099B-499B-B283-20ED4A97A21D}.Release|Any CPU.ActiveCfg = Release|Any CPU
		{2F73AB68-099B-499B-B283-20ED4A97A21D}.Release|Any CPU.Build.0 = Release|Any CPU
		{1DBEF67C-F93E-4935-B497-4765984883C4}.Debug|Any CPU.ActiveCfg = Debug|Any CPU
		{1DBEF67C-F93E-4935-B497-4765984883C4}.Debug|Any CPU.Build.0 = Debug|Any CPU
		{1DBEF67C-F93E-4935-B497-4765984883C4}.Release|Any CPU.ActiveCfg = Release|Any CPU
		{1DBEF67C-F93E-4935-B497-4765984883C4}.Release|Any CPU.Build.0 = Release|Any CPU
	EndGlobalSection
	GlobalSection(SolutionProperties) = preSolution
		HideSolutionNode = FALSE
	EndGlobalSection
	GlobalSection(ExtensibilityGlobals) = postSolution
		SolutionGuid = {5CCDC6FA-A303-4DF6-B70B-4046711AE3BE}
	EndGlobalSection
EndGlobal
